
Microsoft Visual Studio Solution File, Format Version 12.00
# Visual Studio Version 16
VisualStudioVersion = 16.0.34031.81
MinimumVisualStudioVersion = 10.0.40219.1
Project("{FAE04EC0-301F-11D3-BF4B-00C04F79EFBC}") = "Final1", "Final1\Final1.csproj", "{1575819B-6ECF-4150-922B-027FA9F1B435}"
EndProject
Global
	GlobalSection(SolutionConfigurationPlatforms) = preSolution
		Debug|Any CPU = Debug|Any CPU
		Release|Any CPU = Release|Any CPU
	EndGlobalSection
	GlobalSection(ProjectConfigurationPlatforms) = postSolution
		{1575819B-6ECF-4150-922B-027FA9F1B435}.Debug|Any CPU.ActiveCfg = Debug|Any CPU
		{1575819B-6ECF-4150-922B-027FA9F1B435}.Debug|Any CPU.Build.0 = Debug|Any CPU
		{1575819B-6ECF-4150-922B-027FA9F1B435}.Release|Any CPU.ActiveCfg = Release|Any CPU
		{1575819B-6ECF-4150-922B-027FA9F1B435}.Release|Any CPU.Build.0 = Release|Any CPU
	EndGlobalSection
	GlobalSection(SolutionProperties) = preSolution
		HideSolutionNode = FALSE
	EndGlobalSection
	GlobalSection(ExtensibilityGlobals) = postSolution
		SolutionGuid = {B5F72057-3D1A-47FF-AC40-7EC0D6E6E66A}
	EndGlobalSection
EndGlobal
